
Microsoft Visual Studio Solution File, Format Version 12.00
# Visual Studio Version 17
VisualStudioVersion = 17.8.34322.80
MinimumVisualStudioVersion = 10.0.40219.1
Project("{2150E333-8FDC-42A3-9474-1A3956D46DE8}") = "Patterms", "Patterms", "{76DAB338-7278-4240-B9E1-2FB08C116FAB}"
EndProject
Project("{2150E333-8FDC-42A3-9474-1A3956D46DE8}") = "Differences", "Differences", "{3C40FAFE-03E4-45FC-8D03-3563D53D246A}"
EndProject
Project("{2150E333-8FDC-42A3-9474-1A3956D46DE8}") = "Behavioral", "Behavioral", "{42D93506-5A5C-42D1-96DE-746662BA63ED}"
EndProject
Project("{2150E333-8FDC-42A3-9474-1A3956D46DE8}") = "Strucrutal", "Strucrutal", "{468312F4-1C3A-43FF-8F98-BBC4F78CABCE}"
EndProject
Project("{2150E333-8FDC-42A3-9474-1A3956D46DE8}") = "generating", "generating", "{C902F000-B8D0-4612-A0C8-01CC46641908}"
EndProject
Project("{FAE04EC0-301F-11D3-BF4B-00C04F79EFBC}") = "Differences", "Differences\Differences.csproj", "{7F88926E-ED29-4ABF-BF3D-E72CA7098054}"
EndProject
Project("{FAE04EC0-301F-11D3-BF4B-00C04F79EFBC}") = "Command", "Command\Command.csproj", "{F25CF33A-F9DD-45A3-A618-BCC409DE3E97}"
EndProject
Project("{FAE04EC0-301F-11D3-BF4B-00C04F79EFBC}") = "CoR", "CoR\CoR.csproj", "{119CF8E6-526E-4A76-9B45-101DFFB8F29C}"
EndProject
Project("{FAE04EC0-301F-11D3-BF4B-00C04F79EFBC}") = "Iterator", "Iterator\Iterator.csproj", "{CA3CDB1E-0A04-4E12-A017-A1DC996C8459}"
EndProject
Project("{FAE04EC0-301F-11D3-BF4B-00C04F79EFBC}") = "Mediator", "Mediator\Mediator.csproj", "{E96DBD37-AA9D-4346-A81D-F35562805ED8}"
EndProject
Project("{FAE04EC0-301F-11D3-BF4B-00C04F79EFBC}") = "Memento", "Memento\Memento.csproj", "{B0AD4ACC-8A91-4445-AB2F-3A9724A9897D}"
EndProject
Project("{FAE04EC0-301F-11D3-BF4B-00C04F79EFBC}") = "Observer", "Observer\Observer.csproj", "{A39FC0A7-8022-42D6-A8D1-9B0BE30EA4BD}"
EndProject
Project("{FAE04EC0-301F-11D3-BF4B-00C04F79EFBC}") = "State", "State\State.csproj", "{62FB1263-DC94-47C3-915C-0A6D1547A828}"
EndProject
Project("{FAE04EC0-301F-11D3-BF4B-00C04F79EFBC}") = "Strategy", "Strategy\Strategy.csproj", "{7BEA0AE0-FDEC-4198-941D-DC91539A9FAA}"
EndProject
Project("{FAE04EC0-301F-11D3-BF4B-00C04F79EFBC}") = "TemplateMethod", "TemplateMethod\TemplateMethod.csproj", "{C2F4F461-A527-49CB-9381-719C0B2E0F17}"
EndProject
Project("{FAE04EC0-301F-11D3-BF4B-00C04F79EFBC}") = "Visitor", "Visitor\Visitor.csproj", "{54526B7F-914E-4E16-93DA-BC5086839A64}"
EndProject
Project("{FAE04EC0-301F-11D3-BF4B-00C04F79EFBC}") = "Adapter", "Adapter\Adapter.csproj", "{CF694E3B-2923-45B7-8A0A-B2E9DEDE2737}"
EndProject
Project("{FAE04EC0-301F-11D3-BF4B-00C04F79EFBC}") = "Bridge", "Bridge\Bridge.csproj", "{133889D5-79A5-4983-B8F8-FD303D104AC6}"
EndProject
Project("{FAE04EC0-301F-11D3-BF4B-00C04F79EFBC}") = "Composite", "Composite\Composite.csproj", "{CDA7DE4F-3719-414D-BF88-492845694453}"
EndProject
Project("{FAE04EC0-301F-11D3-BF4B-00C04F79EFBC}") = "Decorator", "Decorator\Decorator.csproj", "{BBCD2058-4A92-4210-B7C3-4665596AF3F9}"
EndProject
Project("{FAE04EC0-301F-11D3-BF4B-00C04F79EFBC}") = "Facade", "Facade\Facade.csproj", "{8D591A7C-6172-41E8-A727-8B34CCEF8B04}"
EndProject
Project("{FAE04EC0-301F-11D3-BF4B-00C04F79EFBC}") = "FlyWeight", "FlyWeight\FlyWeight.csproj", "{03CAAA02-66F7-42A5-B360-4007D4A3B0DA}"
EndProject
Project("{FAE04EC0-301F-11D3-BF4B-00C04F79EFBC}") = "Proxy", "Proxy\Proxy.csproj", "{D496A192-E7CD-44B1-9F7C-97066EA66E1E}"
EndProject
Project("{FAE04EC0-301F-11D3-BF4B-00C04F79EFBC}") = "AbstractFactory", "AbstractFactory\AbstractFactory.csproj", "{6D1F3E1B-C18C-45FF-B6C3-B0FBE3B417EB}"
EndProject
Project("{FAE04EC0-301F-11D3-BF4B-00C04F79EFBC}") = "Builder", "Builder\Builder.csproj", "{654D05B3-186A-408C-BF5E-07AF735AF3B1}"
EndProject
Project("{FAE04EC0-301F-11D3-BF4B-00C04F79EFBC}") = "FactoryMethod", "FactoryMethod\FactoryMethod.csproj", "{EF971451-69F4-4ABD-86FE-A9A8DBB73439}"
EndProject
Project("{FAE04EC0-301F-11D3-BF4B-00C04F79EFBC}") = "Prototype", "Prototype\Prototype.csproj", "{E070E5D3-A3C6-4E67-8B8C-EB05E62CFD67}"
EndProject
Project("{FAE04EC0-301F-11D3-BF4B-00C04F79EFBC}") = "Single", "Single\Single.csproj", "{0BA946A9-C7AA-4445-988D-C638D89B6BA7}"
EndProject
Global
	GlobalSection(SolutionConfigurationPlatforms) = preSolution
		Debug|Any CPU = Debug|Any CPU
		Release|Any CPU = Release|Any CPU
	EndGlobalSection
	GlobalSection(ProjectConfigurationPlatforms) = postSolution
		{7F88926E-ED29-4ABF-BF3D-E72CA7098054}.Debug|Any CPU.ActiveCfg = Debug|Any CPU
		{7F88926E-ED29-4ABF-BF3D-E72CA7098054}.Debug|Any CPU.Build.0 = Debug|Any CPU
		{7F88926E-ED29-4ABF-BF3D-E72CA7098054}.Release|Any CPU.ActiveCfg = Release|Any CPU
		{7F88926E-ED29-4ABF-BF3D-E72CA7098054}.Release|Any CPU.Build.0 = Release|Any CPU
		{F25CF33A-F9DD-45A3-A618-BCC409DE3E97}.Debug|Any CPU.ActiveCfg = Debug|Any CPU
		{F25CF33A-F9DD-45A3-A618-BCC409DE3E97}.Debug|Any CPU.Build.0 = Debug|Any CPU
		{F25CF33A-F9DD-45A3-A618-BCC409DE3E97}.Release|Any CPU.ActiveCfg = Release|Any CPU
		{F25CF33A-F9DD-45A3-A618-BCC409DE3E97}.Release|Any CPU.Build.0 = Release|Any CPU
		{119CF8E6-526E-4A76-9B45-101DFFB8F29C}.Debug|Any CPU.ActiveCfg = Debug|Any CPU
		{119CF8E6-526E-4A76-9B45-101DFFB8F29C}.Debug|Any CPU.Build.0 = Debug|Any CPU
		{119CF8E6-526E-4A76-9B45-101DFFB8F29C}.Release|Any CPU.ActiveCfg = Release|Any CPU
		{119CF8E6-526E-4A76-9B45-101DFFB8F29C}.Release|Any CPU.Build.0 = Release|Any CPU
		{CA3CDB1E-0A04-4E12-A017-A1DC996C8459}.Debug|Any CPU.ActiveCfg = Debug|Any CPU
		{CA3CDB1E-0A04-4E12-A017-A1DC996C8459}.Debug|Any CPU.Build.0 = Debug|Any CPU
		{CA3CDB1E-0A04-4E12-A017-A1DC996C8459}.Release|Any CPU.ActiveCfg = Release|Any CPU
		{CA3CDB1E-0A04-4E12-A017-A1DC996C8459}.Release|Any CPU.Build.0 = Release|Any CPU
		{E96DBD37-AA9D-4346-A81D-F35562805ED8}.Debug|Any CPU.ActiveCfg = Debug|Any CPU
		{E96DBD37-AA9D-4346-A81D-F35562805ED8}.Debug|Any CPU.Build.0 = Debug|Any CPU
		{E96DBD37-AA9D-4346-A81D-F35562805ED8}.Release|Any CPU.ActiveCfg = Release|Any CPU
		{E96DBD37-AA9D-4346-A81D-F35562805ED8}.Release|Any CPU.Build.0 = Release|Any CPU
		{B0AD4ACC-8A91-4445-AB2F-3A9724A9897D}.Debug|Any CPU.ActiveCfg = Debug|Any CPU
		{B0AD4ACC-8A91-4445-AB2F-3A9724A9897D}.Debug|Any CPU.Build.0 = Debug|Any CPU
		{B0AD4ACC-8A91-4445-AB2F-3A9724A9897D}.Release|Any CPU.ActiveCfg = Release|Any CPU
		{B0AD4ACC-8A91-4445-AB2F-3A9724A9897D}.Release|Any CPU.Build.0 = Release|Any CPU
		{A39FC0A7-8022-42D6-A8D1-9B0BE30EA4BD}.Debug|Any CPU.ActiveCfg = Debug|Any CPU
		{A39FC0A7-8022-42D6-A8D1-9B0BE30EA4BD}.Debug|Any CPU.Build.0 = Debug|Any CPU
		{A39FC0A7-8022-42D6-A8D1-9B0BE30EA4BD}.Release|Any CPU.ActiveCfg = Release|Any CPU
		{A39FC0A7-8022-42D6-A8D1-9B0BE30EA4BD}.Release|Any CPU.Build.0 = Release|Any CPU
		{62FB1263-DC94-47C3-915C-0A6D1547A828}.Debug|Any CPU.ActiveCfg = Debug|Any CPU
		{62FB1263-DC94-47C3-915C-0A6D1547A828}.Debug|Any CPU.Build.0 = Debug|Any CPU
		{62FB1263-DC94-47C3-915C-0A6D1547A828}.Release|Any CPU.ActiveCfg = Release|Any CPU
		{62FB1263-DC94-47C3-915C-0A6D1547A828}.Release|Any CPU.Build.0 = Release|Any CPU
		{7BEA0AE0-FDEC-4198-941D-DC91539A9FAA}.Debug|Any CPU.ActiveCfg = Debug|Any CPU
		{7BEA0AE0-FDEC-4198-941D-DC91539A9FAA}.Debug|Any CPU.Build.0 = Debug|Any CPU
		{7BEA0AE0-FDEC-4198-941D-DC91539A9FAA}.Release|Any CPU.ActiveCfg = Release|Any CPU
		{7BEA0AE0-FDEC-4198-941D-DC91539A9FAA}.Release|Any CPU.Build.0 = Release|Any CPU
		{C2F4F461-A527-49CB-9381-719C0B2E0F17}.Debug|Any CPU.ActiveCfg = Debug|Any CPU
		{C2F4F461-A527-49CB-9381-719C0B2E0F17}.Debug|Any CPU.Build.0 = Debug|Any CPU
		{C2F4F461-A527-49CB-9381-719C0B2E0F17}.Release|Any CPU.ActiveCfg = Release|Any CPU
		{C2F4F461-A527-49CB-9381-719C0B2E0F17}.Release|Any CPU.Build.0 = Release|Any CPU
		{54526B7F-914E-4E16-93DA-BC5086839A64}.Debug|Any CPU.ActiveCfg = Debug|Any CPU
		{54526B7F-914E-4E16-93DA-BC5086839A64}.Debug|Any CPU.Build.0 = Debug|Any CPU
		{54526B7F-914E-4E16-93DA-BC5086839A64}.Release|Any CPU.ActiveCfg = Release|Any CPU
		{54526B7F-914E-4E16-93DA-BC5086839A64}.Release|Any CPU.Build.0 = Release|Any CPU
		{CF694E3B-2923-45B7-8A0A-B2E9DEDE2737}.Debug|Any CPU.ActiveCfg = Debug|Any CPU
		{CF694E3B-2923-45B7-8A0A-B2E9DEDE2737}.Debug|Any CPU.Build.0 = Debug|Any CPU
		{CF694E3B-2923-45B7-8A0A-B2E9DEDE2737}.Release|Any CPU.ActiveCfg = Release|Any CPU
		{CF694E3B-2923-45B7-8A0A-B2E9DEDE2737}.Release|Any CPU.Build.0 = Release|Any CPU
		{133889D5-79A5-4983-B8F8-FD303D104AC6}.Debug|Any CPU.ActiveCfg = Debug|Any CPU
		{133889D5-79A5-4983-B8F8-FD303D104AC6}.Debug|Any CPU.Build.0 = Debug|Any CPU
		{133889D5-79A5-4983-B8F8-FD303D104AC6}.Release|Any CPU.ActiveCfg = Release|Any CPU
		{133889D5-79A5-4983-B8F8-FD303D104AC6}.Release|Any CPU.Build.0 = Release|Any CPU
		{CDA7DE4F-3719-414D-BF88-492845694453}.Debug|Any CPU.ActiveCfg = Debug|Any CPU
		{CDA7DE4F-3719-414D-BF88-492845694453}.Debug|Any CPU.Build.0 = Debug|Any CPU
		{CDA7DE4F-3719-414D-BF88-492845694453}.Release|Any CPU.ActiveCfg = Release|Any CPU
		{CDA7DE4F-3719-414D-BF88-492845694453}.Release|Any CPU.Build.0 = Release|Any CPU
		{BBCD2058-4A92-4210-B7C3-4665596AF3F9}.Debug|Any CPU.ActiveCfg = Debug|Any CPU
		{BBCD2058-4A92-4210-B7C3-4665596AF3F9}.Debug|Any CPU.Build.0 = Debug|Any CPU
		{BBCD2058-4A92-4210-B7C3-4665596AF3F9}.Release|Any CPU.ActiveCfg = Release|Any CPU
		{BBCD2058-4A92-4210-B7C3-4665596AF3F9}.Release|Any CPU.Build.0 = Release|Any CPU
		{8D591A7C-6172-41E8-A727-8B34CCEF8B04}.Debug|Any CPU.ActiveCfg = Debug|Any CPU
		{8D591A7C-6172-41E8-A727-8B34CCEF8B04}.Debug|Any CPU.Build.0 = Debug|Any CPU
		{8D591A7C-6172-41E8-A727-8B34CCEF8B04}.Release|Any CPU.ActiveCfg = Release|Any CPU
		{8D591A7C-6172-41E8-A727-8B34CCEF8B04}.Release|Any CPU.Build.0 = Release|Any CPU
		{03CAAA02-66F7-42A5-B360-4007D4A3B0DA}.Debug|Any CPU.ActiveCfg = Debug|Any CPU
		{03CAAA02-66F7-42A5-B360-4007D4A3B0DA}.Debug|Any CPU.Build.0 = Debug|Any CPU
		{03CAAA02-66F7-42A5-B360-4007D4A3B0DA}.Release|Any CPU.ActiveCfg = Release|Any CPU
		{03CAAA02-66F7-42A5-B360-4007D4A3B0DA}.Release|Any CPU.Build.0 = Release|Any CPU
		{D496A192-E7CD-44B1-9F7C-97066EA66E1E}.Debug|Any CPU.ActiveCfg = Debug|Any CPU
		{D496A192-E7CD-44B1-9F7C-97066EA66E1E}.Debug|Any CPU.Build.0 = Debug|Any CPU
		{D496A192-E7CD-44B1-9F7C-97066EA66E1E}.Release|Any CPU.ActiveCfg = Release|Any CPU
		{D496A192-E7CD-44B1-9F7C-97066EA66E1E}.Release|Any CPU.Build.0 = Release|Any CPU
		{6D1F3E1B-C18C-45FF-B6C3-B0FBE3B417EB}.Debug|Any CPU.ActiveCfg = Debug|Any CPU
		{6D1F3E1B-C18C-45FF-B6C3-B0FBE3B417EB}.Debug|Any CPU.Build.0 = Debug|Any CPU
		{6D1F3E1B-C18C-45FF-B6C3-B0FBE3B417EB}.Release|Any CPU.ActiveCfg = Release|Any CPU
		{6D1F3E1B-C18C-45FF-B6C3-B0FBE3B417EB}.Release|Any CPU.Build.0 = Release|Any CPU
		{654D05B3-186A-408C-BF5E-07AF735AF3B1}.Debug|Any CPU.ActiveCfg = Debug|Any CPU
		{654D05B3-186A-408C-BF5E-07AF735AF3B1}.Debug|Any CPU.Build.0 = Debug|Any CPU
		{654D05B3-186A-408C-BF5E-07AF735AF3B1}.Release|Any CPU.ActiveCfg = Release|Any CPU
		{654D05B3-186A-408C-BF5E-07AF735AF3B1}.Release|Any CPU.Build.0 = Release|Any CPU
		{EF971451-69F4-4ABD-86FE-A9A8DBB73439}.Debug|Any CPU.ActiveCfg = Debug|Any CPU
		{EF971451-69F4-4ABD-86FE-A9A8DBB73439}.Debug|Any CPU.Build.0 = Debug|Any CPU
		{EF971451-69F4-4ABD-86FE-A9A8DBB73439}.Release|Any CPU.ActiveCfg = Release|Any CPU
		{EF971451-69F4-4ABD-86FE-A9A8DBB73439}.Release|Any CPU.Build.0 = Release|Any CPU
		{E070E5D3-A3C6-4E67-8B8C-EB05E62CFD67}.Debug|Any CPU.ActiveCfg = Debug|Any CPU
		{E070E5D3-A3C6-4E67-8B8C-EB05E62CFD67}.Debug|Any CPU.Build.0 = Debug|Any CPU
		{E070E5D3-A3C6-4E67-8B8C-EB05E62CFD67}.Release|Any CPU.ActiveCfg = Release|Any CPU
		{E070E5D3-A3C6-4E67-8B8C-EB05E62CFD67}.Release|Any CPU.Build.0 = Release|Any CPU
		{0BA946A9-C7AA-4445-988D-C638D89B6BA7}.Debug|Any CPU.ActiveCfg = Debug|Any CPU
		{0BA946A9-C7AA-4445-988D-C638D89B6BA7}.Debug|Any CPU.Build.0 = Debug|Any CPU
		{0BA946A9-C7AA-4445-988D-C638D89B6BA7}.Release|Any CPU.ActiveCfg = Release|Any CPU
		{0BA946A9-C7AA-4445-988D-C638D89B6BA7}.Release|Any CPU.Build.0 = Release|Any CPU
	EndGlobalSection
	GlobalSection(SolutionProperties) = preSolution
		HideSolutionNode = FALSE
	EndGlobalSection
	GlobalSection(NestedProjects) = preSolution
		{42D93506-5A5C-42D1-96DE-746662BA63ED} = {76DAB338-7278-4240-B9E1-2FB08C116FAB}
		{468312F4-1C3A-43FF-8F98-BBC4F78CABCE} = {76DAB338-7278-4240-B9E1-2FB08C116FAB}
		{C902F000-B8D0-4612-A0C8-01CC46641908} = {76DAB338-7278-4240-B9E1-2FB08C116FAB}
		{7F88926E-ED29-4ABF-BF3D-E72CA7098054} = {3C40FAFE-03E4-45FC-8D03-3563D53D246A}
		{F25CF33A-F9DD-45A3-A618-BCC409DE3E97} = {42D93506-5A5C-42D1-96DE-746662BA63ED}
		{119CF8E6-526E-4A76-9B45-101DFFB8F29C} = {42D93506-5A5C-42D1-96DE-746662BA63ED}
		{CA3CDB1E-0A04-4E12-A017-A1DC996C8459} = {42D93506-5A5C-42D1-96DE-746662BA63ED}
		{E96DBD37-AA9D-4346-A81D-F35562805ED8} = {42D93506-5A5C-42D1-96DE-746662BA63ED}
		{B0AD4ACC-8A91-4445-AB2F-3A9724A9897D} = {42D93506-5A5C-42D1-96DE-746662BA63ED}
		{A39FC0A7-8022-42D6-A8D1-9B0BE30EA4BD} = {42D93506-5A5C-42D1-96DE-746662BA63ED}
		{62FB1263-DC94-47C3-915C-0A6D1547A828} = {42D93506-5A5C-42D1-96DE-746662BA63ED}
		{7BEA0AE0-FDEC-4198-941D-DC91539A9FAA} = {42D93506-5A5C-42D1-96DE-746662BA63ED}
		{C2F4F461-A527-49CB-9381-719C0B2E0F17} = {42D93506-5A5C-42D1-96DE-746662BA63ED}
		{54526B7F-914E-4E16-93DA-BC5086839A64} = {42D93506-5A5C-42D1-96DE-746662BA63ED}
		{CF694E3B-2923-45B7-8A0A-B2E9DEDE2737} = {468312F4-1C3A-43FF-8F98-BBC4F78CABCE}
		{133889D5-79A5-4983-B8F8-FD303D104AC6} = {468312F4-1C3A-43FF-8F98-BBC4F78CABCE}
		{CDA7DE4F-3719-414D-BF88-492845694453} = {468312F4-1C3A-43FF-8F98-BBC4F78CABCE}
		{BBCD2058-4A92-4210-B7C3-4665596AF3F9} = {468312F4-1C3A-43FF-8F98-BBC4F78CABCE}
		{8D591A7C-6172-41E8-A727-8B34CCEF8B04} = {468312F4-1C3A-43FF-8F98-BBC4F78CABCE}
		{03CAAA02-66F7-42A5-B360-4007D4A3B0DA} = {468312F4-1C3A-43FF-8F98-BBC4F78CABCE}
		{D496A192-E7CD-44B1-9F7C-97066EA66E1E} = {468312F4-1C3A-43FF-8F98-BBC4F78CABCE}
		{6D1F3E1B-C18C-45FF-B6C3-B0FBE3B417EB} = {C902F000-B8D0-4612-A0C8-01CC46641908}
		{654D05B3-186A-408C-BF5E-07AF735AF3B1} = {C902F000-B8D0-4612-A0C8-01CC46641908}
		{EF971451-69F4-4ABD-86FE-A9A8DBB73439} = {C902F000-B8D0-4612-A0C8-01CC46641908}
		{E070E5D3-A3C6-4E67-8B8C-EB05E62CFD67} = {C902F000-B8D0-4612-A0C8-01CC46641908}
		{0BA946A9-C7AA-4445-988D-C638D89B6BA7} = {C902F000-B8D0-4612-A0C8-01CC46641908}
	EndGlobalSection
	GlobalSection(ExtensibilityGlobals) = postSolution
		SolutionGuid = {E4152B3F-A33B-427A-88C0-A03141EDFA60}
	EndGlobalSection
EndGlobal
